github.com/davecgh/go-spew v1.1.0/go.mod h1:J7Y8YcW2NihsgmVo/mv3lAwl/skON4iLHjSsI+c5H38=
github.com/gookit/color v1.3.2 h1:WO8+16ZZtx+HlOb6cueziUAF8VtALZKRr/jOvuDk0X0=
github.com/gookit/color v1.3.2/go.mod h1:R3ogXq2B9rTbXoSHJ1HyUVAZ3poOJHpd9nQmyGZsfvQ=
github.com/gookit/color v1.3.3 h1:6IAwxWCdABGNc4gI+YFBMYw0Hz8g5+lpYeKRAaALQoQ=
github.com/gookit/color v1.3.3/go.mod h1:GqqLKF1le3EfrbHbYsYa5WdLqfc/PHMdMRbt6tMnqIc=
github.com/mattn/go-colorable v0.1.4/go.mod h1:U0ppj6V5qS13XJ6of8GYAs25YV2eR4EVcfRqFIhoBtE=
github.com/mattn/go-runewidth v0.0.9 h1:Lm995f3rfxdpd6TSmuVCHVb/QhupuXlYr8sCI/QdE+0=
github.com/mattn/go-runewidth v0.0.9/go.mod h1:H031xJmbD/WCDINGzjvQ9THkh0rPKHF+m2gUSrubnMI=
github.com/pmezard/go-difflib v1.0.0/go.mod h1:iKH77koFhYxTK1pcRnkKkqfTogsbg7gZNVY4sRDYZ/4=
github.com/stretchr/objx v0.1.0/go.mod h1:HFkY916IF+rwdDfMAkV7OtwuqBVzrE8GR6GFx+wExME=
github.com/stretchr/testify v1.3.0/go.mod h1:M5WIy9Dh21IEIfnGCwXGc5bZfKNJtfHm1UVUgZn+9EI=
github.com/xo/terminfo v0.0.0-20200218205459-454e5b68f9e8 h1:woqigIZtZUZxws1zZA99nAvuz2mQrxtWsuZSR9c8I/A=
github.com/xo/terminfo v0.0.0-20200218205459-454e5b68f9e8/go.mod h1:6Yhx5ZJl5942QrNRWLwITArVT9okUXc5c3brgWJMoDc=
golang.org/x/sys v0.0.0-20200116001909-b77594299b42/go.mod h1:h1NjWce9XRLGQEsW7wpKNCjG9DtNlClVuFLEZdDNbEs=
golang.org/x/sys v0.0.0-20201202213521-69691e467435 h1:25AvDqqB9PrNqj1FLf2/70I4W0L19qqoaFq3gjNwbKk=
golang.org/x/sys v0.0.0-20201202213521-69691e467435/go.mod h1:h1NjWce9XRLGQEsW7wpKNCjG9DtNlClVuFLEZdDNbEs=
